
Microsoft Visual Studio Solution File, Format Version 12.00
# Visual Studio 15
VisualStudioVersion = 15.0.26124.0
MinimumVisualStudioVersion = 15.0.26124.0
Project("{FAE04EC0-301F-11D3-BF4B-00C04F79EFBC}") = "ProAgil.API", "ProAgil.API\ProAgil.API.csproj", "{189655F5-43EB-4685-977B-4728C4415780}"
EndProject
Project("{FAE04EC0-301F-11D3-BF4B-00C04F79EFBC}") = "ProAgil.Repository", "ProAgil.Repository\ProAgil.Repository.csproj", "{0FC53242-358C-4B1B-85B5-BD14E7BDD75F}"
EndProject
Project("{FAE04EC0-301F-11D3-BF4B-00C04F79EFBC}") = "ProAgil.Domain", "ProAgil.Domain\ProAgil.Domain.csproj", "{FA104A7C-E865-4D61-8822-15684B1537ED}"
EndProject
Global
	GlobalSection(SolutionConfigurationPlatforms) = preSolution
		Debug|Any CPU = Debug|Any CPU
		Debug|x64 = Debug|x64
		Debug|x86 = Debug|x86
		Release|Any CPU = Release|Any CPU
		Release|x64 = Release|x64
		Release|x86 = Release|x86
	EndGlobalSection
	GlobalSection(SolutionProperties) = preSolution
		HideSolutionNode = FALSE
	EndGlobalSection
	GlobalSection(ProjectConfigurationPlatforms) = postSolution
		{189655F5-43EB-4685-977B-4728C4415780}.Debug|Any CPU.ActiveCfg = Debug|Any CPU
		{189655F5-43EB-4685-977B-4728C4415780}.Debug|Any CPU.Build.0 = Debug|Any CPU
		{189655F5-43EB-4685-977B-4728C4415780}.Debug|x64.ActiveCfg = Debug|Any CPU
		{189655F5-43EB-4685-977B-4728C4415780}.Debug|x64.Build.0 = Debug|Any CPU
		{189655F5-43EB-4685-977B-4728C4415780}.Debug|x86.ActiveCfg = Debug|Any CPU
		{189655F5-43EB-4685-977B-4728C4415780}.Debug|x86.Build.0 = Debug|Any CPU
		{189655F5-43EB-4685-977B-4728C4415780}.Release|Any CPU.ActiveCfg = Release|Any CPU
		{189655F5-43EB-4685-977B-4728C4415780}.Release|Any CPU.Build.0 = Release|Any CPU
		{189655F5-43EB-4685-977B-4728C4415780}.Release|x64.ActiveCfg = Release|Any CPU
		{189655F5-43EB-4685-977B-4728C4415780}.Release|x64.Build.0 = Release|Any CPU
		{189655F5-43EB-4685-977B-4728C4415780}.Release|x86.ActiveCfg = Release|Any CPU
		{189655F5-43EB-4685-977B-4728C4415780}.Release|x86.Build.0 = Release|Any CPU
		{0FC53242-358C-4B1B-85B5-BD14E7BDD75F}.Debug|Any CPU.ActiveCfg = Debug|Any CPU
		{0FC53242-358C-4B1B-85B5-BD14E7BDD75F}.Debug|Any CPU.Build.0 = Debug|Any CPU
		{0FC53242-358C-4B1B-85B5-BD14E7BDD75F}.Debug|x64.ActiveCfg = Debug|Any CPU
		{0FC53242-358C-4B1B-85B5-BD14E7BDD75F}.Debug|x64.Build.0 = Debug|Any CPU
		{0FC53242-358C-4B1B-85B5-BD14E7BDD75F}.Debug|x86.ActiveCfg = Debug|Any CPU
		{0FC53242-358C-4B1B-85B5-BD14E7BDD75F}.Debug|x86.Build.0 = Debug|Any CPU
		{0FC53242-358C-4B1B-85B5-BD14E7BDD75F}.Release|Any CPU.ActiveCfg = Release|Any CPU
		{0FC53242-358C-4B1B-85B5-BD14E7BDD75F}.Release|Any CPU.Build.0 = Release|Any CPU
		{0FC53242-358C-4B1B-85B5-BD14E7BDD75F}.Release|x64.ActiveCfg = Release|Any CPU
		{0FC53242-358C-4B1B-85B5-BD14E7BDD75F}.Release|x64.Build.0 = Release|Any CPU
		{0FC53242-358C-4B1B-85B5-BD14E7BDD75F}.Release|x86.ActiveCfg = Release|Any CPU
		{0FC53242-358C-4B1B-85B5-BD14E7BDD75F}.Release|x86.Build.0 = Release|Any CPU
		{FA104A7C-E865-4D61-8822-15684B1537ED}.Debug|Any CPU.ActiveCfg = Debug|Any CPU
		{FA104A7C-E865-4D61-8822-15684B1537ED}.Debug|Any CPU.Build.0 = Debug|Any CPU
		{FA104A7C-E865-4D61-8822-15684B1537ED}.Debug|x64.ActiveCfg = Debug|Any CPU
		{FA104A7C-E865-4D61-8822-15684B1537ED}.Debug|x64.Build.0 = Debug|Any CPU
		{FA104A7C-E865-4D61-8822-15684B1537ED}.Debug|x86.ActiveCfg = Debug|Any CPU
		{FA104A7C-E865-4D61-8822-15684B1537ED}.Debug|x86.Build.0 = Debug|Any CPU
		{FA104A7C-E865-4D61-8822-15684B1537ED}.Release|Any CPU.ActiveCfg = Release|Any CPU
		{FA104A7C-E865-4D61-8822-15684B1537ED}.Release|Any CPU.Build.0 = Release|Any CPU
		{FA104A7C-E865-4D61-8822-15684B1537ED}.Release|x64.ActiveCfg = Release|Any CPU
		{FA104A7C-E865-4D61-8822-15684B1537ED}.Release|x64.Build.0 = Release|Any CPU
		{FA104A7C-E865-4D61-8822-15684B1537ED}.Release|x86.ActiveCfg = Release|Any CPU
		{FA104A7C-E865-4D61-8822-15684B1537ED}.Release|x86.Build.0 = Release|Any CPU
	EndGlobalSection
EndGlobal
